// !$*UTF8*$!
{
	archiveVersion = 1;
	classes = {
	};
	objectVersion = 56;
	objects = {

/* Begin PBXBuildFile section */
		64C317942BBC5666001B272E /* GitHubProviderApp.swift in Sources */ = {isa = PBXBuildFile; fileRef = 64C317932BBC5666001B272E /* GitHubProviderApp.swift */; };
		64C317962BBC5666001B272E /* ContentView.swift in Sources */ = {isa = PBXBuildFile; fileRef = 64C317952BBC5666001B272E /* ContentView.swift */; };
		64C317982BBC5667001B272E /* Assets.xcassets in Resources */ = {isa = PBXBuildFile; fileRef = 64C317972BBC5667001B272E /* Assets.xcassets */; };
		64C3179B2BBC5667001B272E /* Preview Assets.xcassets in Resources */ = {isa = PBXBuildFile; fileRef = 64C3179A2BBC5667001B272E /* Preview Assets.xcassets */; };
		64C317A52BBC5667001B272E /* GitHubProviderTests.swift in Sources */ = {isa = PBXBuildFile; fileRef = 64C317A42BBC5667001B272E /* GitHubProviderTests.swift */; };
		64C317AF2BBC5667001B272E /* GitHubProviderUITests.swift in Sources */ = {isa = PBXBuildFile; fileRef = 64C317AE2BBC5667001B272E /* GitHubProviderUITests.swift */; };
		64C317B12BBC5667001B272E /* GitHubProviderUITestsLaunchTests.swift in Sources */ = {isa = PBXBuildFile; fileRef = 64C317B02BBC5667001B272E /* GitHubProviderUITestsLaunchTests.swift */; };
		64C317BF2BBC56DB001B272E /* FirebaseAuth in Frameworks */ = {isa = PBXBuildFile; productRef = 64C317BE2BBC56DB001B272E /* FirebaseAuth */; };
		64C317C12BBC56DB001B272E /* FirebaseAuthCombine-Community in Frameworks */ = {isa = PBXBuildFile; productRef = 64C317C02BBC56DB001B272E /* FirebaseAuthCombine-Community */; };
		64C317C32BBC56DB001B272E /* FirebaseFirestore in Frameworks */ = {isa = PBXBuildFile; productRef = 64C317C22BBC56DB001B272E /* FirebaseFirestore */; };
		64C317C52BBC56DB001B272E /* FirebaseFirestoreCombine-Community in Frameworks */ = {isa = PBXBuildFile; productRef = 64C317C42BBC56DB001B272E /* FirebaseFirestoreCombine-Community */; };
		64C317C72BBC56DB001B272E /* FirebaseFirestoreSwift in Frameworks */ = {isa = PBXBuildFile; productRef = 64C317C62BBC56DB001B272E /* FirebaseFirestoreSwift */; };
		64C317C92BBC5849001B272E /* GoogleService-Info.plist in Resources */ = {isa = PBXBuildFile; fileRef = 64C317C82BBC5849001B272E /* GoogleService-Info.plist */; };
/* End PBXBuildFile section */

/* Begin PBXContainerItemProxy section */
		64C317A12BBC5667001B272E /* PBXContainerItemProxy */ = {
			isa = PBXContainerItemProxy;
			containerPortal = 64C317882BBC5666001B272E /* Project object */;
			proxyType = 1;
			remoteGlobalIDString = 64C3178F2BBC5666001B272E;
			remoteInfo = GitHubProvider;
		};
		64C317AB2BBC5667001B272E /* PBXContainerItemProxy */ = {
			isa = PBXContainerItemProxy;
			containerPortal = 64C317882BBC5666001B272E /* Project object */;
			proxyType = 1;
			remoteGlobalIDString = 64C3178F2BBC5666001B272E;
			remoteInfo = GitHubProvider;
		};
/* End PBXContainerItemProxy section */

/* Begin PBXFileReference section */
		64C317902BBC5666001B272E /* GitHubProvider.app */ = {isa = PBXFileReference; explicitFileType = wrapper.application; includeInIndex = 0; path = GitHubProvider.app; sourceTree = BUILT_PRODUCTS_DIR; };
		64C317932BBC5666001B272E /* GitHubProviderApp.swift */ = {isa = PBXFileReference; lastKnownFileType = sourcecode.swift; path = GitHubProviderApp.swift; sourceTree = "<group>"; };
		64C317952BBC5666001B272E /* ContentView.swift */ = {isa = PBXFileReference; lastKnownFileType = sourcecode.swift; path = ContentView.swift; sourceTree = "<group>"; };
		64C317972BBC5667001B272E /* Assets.xcassets */ = {isa = PBXFileReference; lastKnownFileType = folder.assetcatalog; path = Assets.xcassets; sourceTree = "<group>"; };
		64C3179A2BBC5667001B272E /* Preview Assets.xcassets */ = {isa = PBXFileReference; lastKnownFileType = folder.assetcatalog; path = "Preview Assets.xcassets"; sourceTree = "<group>"; };
		64C317A02BBC5667001B272E /* GitHubProviderTests.xctest */ = {isa = PBXFileReference; explicitFileType = wrapper.cfbundle; includeInIndex = 0; path = GitHubProviderTests.xctest; sourceTree = BUILT_PRODUCTS_DIR; };
		64C317A42BBC5667001B272E /* GitHubProviderTests.swift */ = {isa = PBXFileReference; lastKnownFileType = sourcecode.swift; path = GitHubProviderTests.swift; sourceTree = "<group>"; };
		64C317AA2BBC5667001B272E /* GitHubProviderUITests.xctest */ = {isa = PBXFileReference; explicitFileType = wrapper.cfbundle; includeInIndex = 0; path = GitHubProviderUITests.xctest; sourceTree = BUILT_PRODUCTS_DIR; };
		64C317AE2BBC5667001B272E /* GitHubProviderUITests.swift */ = {isa = PBXFileReference; lastKnownFileType = sourcecode.swift; path = GitHubProviderUITests.swift; sourceTree = "<group>"; };
		64C317B02BBC5667001B272E /* GitHubProviderUITestsLaunchTests.swift */ = {isa = PBXFileReference; lastKnownFileType = sourcecode.swift; path = GitHubProviderUITestsLaunchTests.swift; sourceTree = "<group>"; };
		64C317C82BBC5849001B272E /* GoogleService-Info.plist */ = {isa = PBXFileReference; fileEncoding = 4; lastKnownFileType = text.plist.xml; path = "GoogleService-Info.plist"; sourceTree = "<group>"; };
/* End PBXFileReference section */

/* Begin PBXFrameworksBuildPhase section */
		64C3178D2BBC5666001B272E /* Frameworks */ = {
			isa = PBXFrameworksBuildPhase;
			buildActionMask = 2147483647;
			files = (
				64C317C72BBC56DB001B272E /* FirebaseFirestoreSwift in Frameworks */,
				64C317BF2BBC56DB001B272E /* FirebaseAuth in Frameworks */,
				64C317C52BBC56DB001B272E /* FirebaseFirestoreCombine-Community in Frameworks */,
				64C317C12BBC56DB001B272E /* FirebaseAuthCombine-Community in Frameworks */,
				64C317C32BBC56DB001B272E /* FirebaseFirestore in Frameworks */,
			);
			runOnlyForDeploymentPostprocessing = 0;
		};
		64C3179D2BBC5667001B272E /* Frameworks */ = {
			isa = PBXFrameworksBuildPhase;
			buildActionMask = 2147483647;
			files = (
			);
			runOnlyForDeploymentPostprocessing = 0;
		};
		64C317A72BBC5667001B272E /* Frameworks */ = {
			isa = PBXFrameworksBuildPhase;
			buildActionMask = 2147483647;
			files = (
			);
			runOnlyForDeploymentPostprocessing = 0;
		};
/* End PBXFrameworksBuildPhase section */

/* Begin PBXGroup section */
		64C317872BBC5666001B272E = {
			isa = PBXGroup;
			children = (
				64C317922BBC5666001B272E /* GitHubProvider */,
				64C317A32BBC5667001B272E /* GitHubProviderTests */,
				64C317AD2BBC5667001B272E /* GitHubProviderUITests */,
				64C317912BBC5666001B272E /* Products */,
			);
			sourceTree = "<group>";
		};
		64C317912BBC5666001B272E /* Products */ = {
			isa = PBXGroup;
			children = (
				64C317902BBC5666001B272E /* GitHubProvider.app */,
				64C317A02BBC5667001B272E /* GitHubProviderTests.xctest */,
				64C317AA2BBC5667001B272E /* GitHubProviderUITests.xctest */,
			);
			name = Products;
			sourceTree = "<group>";
		};
		64C317922BBC5666001B272E /* GitHubProvider */ = {
			isa = PBXGroup;
			children = (
				64C317932BBC5666001B272E /* GitHubProviderApp.swift */,
				64C317952BBC5666001B272E /* ContentView.swift */,
				64C317972BBC5667001B272E /* Assets.xcassets */,
				64C317C82BBC5849001B272E /* GoogleService-Info.plist */,
				64C317992BBC5667001B272E /* Preview Content */,
			);
			path = GitHubProvider;
			sourceTree = "<group>";
		};
		64C317992BBC5667001B272E /* Preview Content */ = {
			isa = PBXGroup;
			children = (
				64C3179A2BBC5667001B272E /* Preview Assets.xcassets */,
			);
			path = "Preview Content";
			sourceTree = "<group>";
		};
		64C317A32BBC5667001B272E /* GitHubProviderTests */ = {
			isa = PBXGroup;
			children = (
				64C317A42BBC5667001B272E /* GitHubProviderTests.swift */,
			);
			path = GitHubProviderTests;
			sourceTree = "<group>";
		};
		64C317AD2BBC5667001B272E /* GitHubProviderUITests */ = {
			isa = PBXGroup;
			children = (
				64C317AE2BBC5667001B272E /* GitHubProviderUITests.swift */,
				64C317B02BBC5667001B272E /* GitHubProviderUITestsLaunchTests.swift */,
			);
			path = GitHubProviderUITests;
			sourceTree = "<group>";
		};
/* End PBXGroup section */

/* Begin PBXNativeTarget section */
		64C3178F2BBC5666001B272E /* GitHubProvider */ = {
			isa = PBXNativeTarget;
			buildConfigurationList = 64C317B42BBC5667001B272E /* Build configuration list for PBXNativeTarget "GitHubProvider" */;
			buildPhases = (
				64C3178C2BBC5666001B272E /* Sources */,
				64C3178D2BBC5666001B272E /* Frameworks */,
				64C3178E2BBC5666001B272E /* Resources */,
			);
			buildRules = (
			);
			dependencies = (
			);
			name = GitHubProvider;
			packageProductDependencies = (
				64C317BE2BBC56DB001B272E /* FirebaseAuth */,
				64C317C02BBC56DB001B272E /* FirebaseAuthCombine-Community */,
				64C317C22BBC56DB001B272E /* FirebaseFirestore */,
				64C317C42BBC56DB001B272E /* FirebaseFirestoreCombine-Community */,
				64C317C62BBC56DB001B272E /* FirebaseFirestoreSwift */,
			);
			productName = GitHubProvider;
			productReference = 64C317902BBC5666001B272E /* GitHubProvider.app */;
			productType = "com.apple.product-type.application";
		};
		64C3179F2BBC5667001B272E /* GitHubProviderTests */ = {
			isa = PBXNativeTarget;
			buildConfigurationList = 64C317B72BBC5667001B272E /* Build configuration list for PBXNativeTarget "GitHubProviderTests" */;
			buildPhases = (
				64C3179C2BBC5667001B272E /* Sources */,
				64C3179D2BBC5667001B272E /* Frameworks */,
				64C3179E2BBC5667001B272E /* Resources */,
			);
			buildRules = (
			);
			dependencies = (
				64C317A22BBC5667001B272E /* PBXTargetDependency */,
			);
			name = GitHubProviderTests;
			productName = GitHubProviderTests;
			productReference = 64C317A02BBC5667001B272E /* GitHubProviderTests.xctest */;
			productType = "com.apple.product-type.bundle.unit-test";
		};
		64C317A92BBC5667001B272E /* GitHubProviderUITests */ = {
			isa = PBXNativeTarget;
			buildConfigurationList = 64C317BA2BBC5667001B272E /* Build configuration list for PBXNativeTarget "GitHubProviderUITests" */;
			buildPhases = (
				64C317A62BBC5667001B272E /* Sources */,
				64C317A72BBC5667001B272E /* Frameworks */,
				64C317A82BBC5667001B272E /* Resources */,
			);
			buildRules = (
			);
			dependencies = (
				64C317AC2BBC5667001B272E /* PBXTargetDependency */,
			);
			name = GitHubProviderUITests;
			productName = GitHubProviderUITests;
			productReference = 64C317AA2BBC5667001B272E /* GitHubProviderUITests.xctest */;
			productType = "com.apple.product-type.bundle.ui-testing";
		};
/* End PBXNativeTarget section */

/* Begin PBXProject section */
		64C317882BBC5666001B272E /* Project object */ = {
			isa = PBXProject;
			attributes = {
				BuildIndependentTargetsInParallel = 1;
				LastSwiftUpdateCheck = 1500;
				LastUpgradeCheck = 1500;
				TargetAttributes = {
					64C3178F2BBC5666001B272E = {
						CreatedOnToolsVersion = 15.0;
					};
					64C3179F2BBC5667001B272E = {
						CreatedOnToolsVersion = 15.0;
						TestTargetID = 64C3178F2BBC5666001B272E;
					};
					64C317A92BBC5667001B272E = {
						CreatedOnToolsVersion = 15.0;
						TestTargetID = 64C3178F2BBC5666001B272E;
					};
				};
			};
			buildConfigurationList = 64C3178B2BBC5666001B272E /* Build configuration list for PBXProject "GitHubProvider" */;
			compatibilityVersion = "Xcode 14.0";
			developmentRegion = en;
			hasScannedForEncodings = 0;
			knownRegions = (
				en,
				Base,
			);
			mainGroup = 64C317872BBC5666001B272E;
			packageReferences = (
				64C317BD2BBC56DB001B272E /* XCRemoteSwiftPackageReference "firebase-ios-sdk" */,
			);
			productRefGroup = 64C317912BBC5666001B272E /* Products */;
			projectDirPath = "";
			projectRoot = "";
			targets = (
				64C3178F2BBC5666001B272E /* GitHubProvider */,
				64C3179F2BBC5667001B272E /* GitHubProviderTests */,
				64C317A92BBC5667001B272E /* GitHubProviderUITests */,
			);
		};
/* End PBXProject section */

/* Begin PBXResourcesBuildPhase section */
		64C3178E2BBC5666001B272E /* Resources */ = {
			isa = PBXResourcesBuildPhase;
			buildActionMask = 2147483647;
			files = (
				64C3179B2BBC5667001B272E /* Preview Assets.xcassets in Resources */,
				64C317982BBC5667001B272E /* Assets.xcassets in Resources */,
				64C317C92BBC5849001B272E /* GoogleService-Info.plist in Resources */,
			);
			runOnlyForDeploymentPostprocessing = 0;
		};
		64C3179E2BBC5667001B272E /* Resources */ = {
			isa = PBXResourcesBuildPhase;
			buildActionMask = 2147483647;
			files = (
			);
			runOnlyForDeploymentPostprocessing = 0;
		};
		64C317A82BBC5667001B272E /* Resources */ = {
			isa = PBXResourcesBuildPhase;
			buildActionMask = 2147483647;
			files = (
			);
			runOnlyForDeploymentPostprocessing = 0;
		};
/* End PBXResourcesBuildPhase section */

/* Begin PBXSourcesBuildPhase section */
		64C3178C2BBC5666001B272E /* Sources */ = {
			isa = PBXSourcesBuildPhase;
			buildActionMask = 2147483647;
			files = (
				64C317962BBC5666001B272E /* ContentView.swift in Sources */,
				64C317942BBC5666001B272E /* GitHubProviderApp.swift in Sources */,
			);
			runOnlyForDeploymentPostprocessing = 0;
		};
		64C3179C2BBC5667001B272E /* Sources */ = {
			isa = PBXSourcesBuildPhase;
			buildActionMask = 2147483647;
			files = (
				64C317A52BBC5667001B272E /* GitHubProviderTests.swift in Sources */,
			);
			runOnlyForDeploymentPostprocessing = 0;
		};
		64C317A62BBC5667001B272E /* Sources */ = {
			isa = PBXSourcesBuildPhase;
			buildActionMask = 2147483647;
			files = (
				64C317B12BBC5667001B272E /* GitHubProviderUITestsLaunchTests.swift in Sources */,
				64C317AF2BBC5667001B272E /* GitHubProviderUITests.swift in Sources */,
			);
			runOnlyForDeploymentPostprocessing = 0;
		};
/* End PBXSourcesBuildPhase section */

/* Begin PBXTargetDependency section */
		64C317A22BBC5667001B272E /* PBXTargetDependency */ = {
			isa = PBXTargetDependency;
			target = 64C3178F2BBC5666001B272E /* GitHubProvider */;
			targetProxy = 64C317A12BBC5667001B272E /* PBXContainerItemProxy */;
		};
		64C317AC2BBC5667001B272E /* PBXTargetDependency */ = {
			isa = PBXTargetDependency;
			target = 64C3178F2BBC5666001B272E /* GitHubProvider */;
			targetProxy = 64C317AB2BBC5667001B272E /* PBXContainerItemProxy */;
		};
/* End PBXTargetDependency section */

/* Begin XCBuildConfiguration section */
		64C317B22BBC5667001B272E /* Debug */ = {
			isa = XCBuildConfiguration;
			buildSettings = {
				ALWAYS_SEARCH_USER_PATHS = NO;
				ASSETCATALOG_COMPILER_GENERATE_SWIFT_ASSET_SYMBOL_EXTENSIONS = YES;
				CLANG_ANALYZER_NONNULL = YES;
				CLANG_ANALYZER_NUMBER_OBJECT_CONVERSION = YES_AGGRESSIVE;
				CLANG_CXX_LANGUAGE_STANDARD = "gnu++20";
				CLANG_ENABLE_MODULES = YES;
				CLANG_ENABLE_OBJC_ARC = YES;
				CLANG_ENABLE_OBJC_WEAK = YES;
				CLANG_WARN_BLOCK_CAPTURE_AUTORELEASING = YES;
				CLANG_WARN_BOOL_CONVERSION = YES;
				CLANG_WARN_COMMA = YES;
				CLANG_WARN_CONSTANT_CONVERSION = YES;
				CLANG_WARN_DEPRECATED_OBJC_IMPLEMENTATIONS = YES;
				CLANG_WARN_DIRECT_OBJC_ISA_USAGE = YES_ERROR;
				CLANG_WARN_DOCUMENTATION_COMMENTS = YES;
				CLANG_WARN_EMPTY_BODY = YES;
				CLANG_WARN_ENUM_CONVERSION = YES;
				CLANG_WARN_INFINITE_RECURSION = YES;
				CLANG_WARN_INT_CONVERSION = YES;
				CLANG_WARN_NON_LITERAL_NULL_CONVERSION = YES;
				CLANG_WARN_OBJC_IMPLICIT_RETAIN_SELF = YES;
				CLANG_WARN_OBJC_LITERAL_CONVERSION = YES;
				CLANG_WARN_OBJC_ROOT_CLASS = YES_ERROR;
				CLANG_WARN_QUOTED_INCLUDE_IN_FRAMEWORK_HEADER = YES;
				CLANG_WARN_RANGE_LOOP_ANALYSIS = YES;
				CLANG_WARN_STRICT_PROTOTYPES = YES;
				CLANG_WARN_SUSPICIOUS_MOVE = YES;
				CLANG_WARN_UNGUARDED_AVAILABILITY = YES_AGGRESSIVE;
				CLANG_WARN_UNREACHABLE_CODE = YES;
				CLANG_WARN__DUPLICATE_METHOD_MATCH = YES;
				COPY_PHASE_STRIP = NO;
				DEBUG_INFORMATION_FORMAT = dwarf;
				ENABLE_STRICT_OBJC_MSGSEND = YES;
				ENABLE_TESTABILITY = YES;
				ENABLE_USER_SCRIPT_SANDBOXING = YES;
				GCC_C_LANGUAGE_STANDARD = gnu17;
				GCC_DYNAMIC_NO_PIC = NO;
				GCC_NO_COMMON_BLOCKS = YES;
				GCC_OPTIMIZATION_LEVEL = 0;
				GCC_PREPROCESSOR_DEFINITIONS = (
					"DEBUG=1",
					"$(inherited)",
				);
				GCC_WARN_64_TO_32_BIT_CONVERSION = YES;
				GCC_WARN_ABOUT_RETURN_TYPE = YES_ERROR;
				GCC_WARN_UNDECLARED_SELECTOR = YES;
				GCC_WARN_UNINITIALIZED_AUTOS = YES_AGGRESSIVE;
				GCC_WARN_UNUSED_FUNCTION = YES;
				GCC_WARN_UNUSED_VARIABLE = YES;
				IPHONEOS_DEPLOYMENT_TARGET = 17.0;
				LOCALIZATION_PREFERS_STRING_CATALOGS = YES;
				MTL_ENABLE_DEBUG_INFO = INCLUDE_SOURCE;
				MTL_FAST_MATH = YES;
				ONLY_ACTIVE_ARCH = YES;
				SDKROOT = iphoneos;
				SWIFT_ACTIVE_COMPILATION_CONDITIONS = "DEBUG $(inherited)";
				SWIFT_OPTIMIZATION_LEVEL = "-Onone";
			};
			name = Debug;
		};
		64C317B32BBC5667001B272E /* Release */ = {
			isa = XCBuildConfiguration;
			buildSettings = {
				ALWAYS_SEARCH_USER_PATHS = NO;
				ASSETCATALOG_COMPILER_GENERATE_SWIFT_ASSET_SYMBOL_EXTENSIONS = YES;
				CLANG_ANALYZER_NONNULL = YES;
				CLANG_ANALYZER_NUMBER_OBJECT_CONVERSION = YES_AGGRESSIVE;
				CLANG_CXX_LANGUAGE_STANDARD = "gnu++20";
				CLANG_ENABLE_MODULES = YES;
				CLANG_ENABLE_OBJC_ARC = YES;
				CLANG_ENABLE_OBJC_WEAK = YES;
				CLANG_WARN_BLOCK_CAPTURE_AUTORELEASING = YES;
				CLANG_WARN_BOOL_CONVERSION = YES;
				CLANG_WARN_COMMA = YES;
				CLANG_WARN_CONSTANT_CONVERSION = YES;
				CLANG_WARN_DEPRECATED_OBJC_IMPLEMENTATIONS = YES;
				CLANG_WARN_DIRECT_OBJC_ISA_USAGE = YES_ERROR;
				CLANG_WARN_DOCUMENTATION_COMMENTS = YES;
				CLANG_WARN_EMPTY_BODY = YES;
				CLANG_WARN_ENUM_CONVERSION = YES;
				CLANG_WARN_INFINITE_RECURSION = YES;
				CLANG_WARN_INT_CONVERSION = YES;
				CLANG_WARN_NON_LITERAL_NULL_CONVERSION = YES;
				CLANG_WARN_OBJC_IMPLICIT_RETAIN_SELF = YES;
				CLANG_WARN_OBJC_LITERAL_CONVERSION = YES;
				CLANG_WARN_OBJC_ROOT_CLASS = YES_ERROR;
				CLANG_WARN_QUOTED_INCLUDE_IN_FRAMEWORK_HEADER = YES;
				CLANG_WARN_RANGE_LOOP_ANALYSIS = YES;
				CLANG_WARN_STRICT_PROTOTYPES = YES;
				CLANG_WARN_SUSPICIOUS_MOVE = YES;
				CLANG_WARN_UNGUARDED_AVAILABILITY = YES_AGGRESSIVE;
				CLANG_WARN_UNREACHABLE_CODE = YES;
				CLANG_WARN__DUPLICATE_METHOD_MATCH = YES;
				COPY_PHASE_STRIP = NO;
				DEBUG_INFORMATION_FORMAT = "dwarf-with-dsym";
				ENABLE_NS_ASSERTIONS = NO;
				ENABLE_STRICT_OBJC_MSGSEND = YES;
				ENABLE_USER_SCRIPT_SANDBOXING = YES;
				GCC_C_LANGUAGE_STANDARD = gnu17;
				GCC_NO_COMMON_BLOCKS = YES;
				GCC_WARN_64_TO_32_BIT_CONVERSION = YES;
				GCC_WARN_ABOUT_RETURN_TYPE = YES_ERROR;
				GCC_WARN_UNDECLARED_SELECTOR = YES;
				GCC_WARN_UNINITIALIZED_AUTOS = YES_AGGRESSIVE;
				GCC_WARN_UNUSED_FUNCTION = YES;
				GCC_WARN_UNUSED_VARIABLE = YES;
				IPHONEOS_DEPLOYMENT_TARGET = 17.0;
				LOCALIZATION_PREFERS_STRING_CATALOGS = YES;
				MTL_ENABLE_DEBUG_INFO = NO;
				MTL_FAST_MATH = YES;
				SDKROOT = iphoneos;
				SWIFT_COMPILATION_MODE = wholemodule;
				VALIDATE_PRODUCT = YES;
			};
			name = Release;
		};
		64C317B52BBC5667001B272E /* Debug */ = {
			isa = XCBuildConfiguration;
			buildSettings = {
				ASSETCATALOG_COMPILER_APPICON_NAME = AppIcon;
				ASSETCATALOG_COMPILER_GLOBAL_ACCENT_COLOR_NAME = AccentColor;
				CODE_SIGN_STYLE = Automatic;
				CURRENT_PROJECT_VERSION = 1;
				DEVELOPMENT_ASSET_PATHS = "\"GitHubProvider/Preview Content\"";
				DEVELOPMENT_TEAM = QC8NW9PFKL;
				ENABLE_PREVIEWS = YES;
				GENERATE_INFOPLIST_FILE = YES;
				INFOPLIST_KEY_UIApplicationSceneManifest_Generation = YES;
				INFOPLIST_KEY_UIApplicationSupportsIndirectInputEvents = YES;
				INFOPLIST_KEY_UILaunchScreen_Generation = YES;
				INFOPLIST_KEY_UISupportedInterfaceOrientations_iPad = "UIInterfaceOrientationPortrait UIInterfaceOrientationPortraitUpsideDown UIInterfaceOrientationLandscapeLeft UIInterfaceOrientationLandscapeRight";
				INFOPLIST_KEY_UISupportedInterfaceOrientations_iPhone = "UIInterfaceOrientationPortrait UIInterfaceOrientationLandscapeLeft UIInterfaceOrientationLandscapeRight";
				LD_RUNPATH_SEARCH_PATHS = (
					"$(inherited)",
					"@executable_path/Frameworks",
				);
				MARKETING_VERSION = 1.0;
				PRODUCT_BUNDLE_IDENTIFIER = haruto.GitHubProvider;
				PRODUCT_NAME = "$(TARGET_NAME)";
				SWIFT_EMIT_LOC_STRINGS = YES;
				SWIFT_VERSION = 5.0;
				TARGETED_DEVICE_FAMILY = "1,2";
			};
			name = Debug;
		};
		64C317B62BBC5667001B272E /* Release */ = {
			isa = XCBuildConfiguration;
			buildSettings = {
				ASSETCATALOG_COMPILER_APPICON_NAME = AppIcon;
				ASSETCATALOG_COMPILER_GLOBAL_ACCENT_COLOR_NAME = AccentColor;
				CODE_SIGN_STYLE = Automatic;
				CURRENT_PROJECT_VERSION = 1;
				DEVELOPMENT_ASSET_PATHS = "\"GitHubProvider/Preview Content\"";
				DEVELOPMENT_TEAM = QC8NW9PFKL;
				ENABLE_PREVIEWS = YES;
				GENERATE_INFOPLIST_FILE = YES;
				INFOPLIST_KEY_UIApplicationSceneManifest_Generation = YES;
				INFOPLIST_KEY_UIApplicationSupportsIndirectInputEvents = YES;
				INFOPLIST_KEY_UILaunchScreen_Generation = YES;
				INFOPLIST_KEY_UISupportedInterfaceOrientations_iPad = "UIInterfaceOrientationPortrait UIInterfaceOrientationPortraitUpsideDown UIInterfaceOrientationLandscapeLeft UIInterfaceOrientationLandscapeRight";
				INFOPLIST_KEY_UISupportedInterfaceOrientations_iPhone = "UIInterfaceOrientationPortrait UIInterfaceOrientationLandscapeLeft UIInterfaceOrientationLandscapeRight";
				LD_RUNPATH_SEARCH_PATHS = (
					"$(inherited)",
					"@executable_path/Frameworks",
				);
				MARKETING_VERSION = 1.0;
				PRODUCT_BUNDLE_IDENTIFIER = haruto.GitHubProvider;
				PRODUCT_NAME = "$(TARGET_NAME)";
				SWIFT_EMIT_LOC_STRINGS = YES;
				SWIFT_VERSION = 5.0;
				TARGETED_DEVICE_FAMILY = "1,2";
			};
			name = Release;
		};
		64C317B82BBC5667001B272E /* Debug */ = {
			isa = XCBuildConfiguration;
			buildSettings = {
				ALWAYS_EMBED_SWIFT_STANDARD_LIBRARIES = YES;
				BUNDLE_LOADER = "$(TEST_HOST)";
				CODE_SIGN_STYLE = Automatic;
				CURRENT_PROJECT_VERSION = 1;
				DEVELOPMENT_TEAM = QC8NW9PFKL;
				GENERATE_INFOPLIST_FILE = YES;
				IPHONEOS_DEPLOYMENT_TARGET = 17.0;
				MARKETING_VERSION = 1.0;
				PRODUCT_BUNDLE_IDENTIFIER = haruto.GitHubProviderTests;
				PRODUCT_NAME = "$(TARGET_NAME)";
				SWIFT_EMIT_LOC_STRINGS = NO;
				SWIFT_VERSION = 5.0;
				TARGETED_DEVICE_FAMILY = "1,2";
				TEST_HOST = "$(BUILT_PRODUCTS_DIR)/GitHubProvider.app/$(BUNDLE_EXECUTABLE_FOLDER_PATH)/GitHubProvider";
			};
			name = Debug;
		};
		64C317B92BBC5667001B272E /* Release */ = {
			isa = XCBuildConfiguration;
			buildSettings = {
				ALWAYS_EMBED_SWIFT_STANDARD_LIBRARIES = YES;
				BUNDLE_LOADER = "$(TEST_HOST)";
				CODE_SIGN_STYLE = Automatic;
				CURRENT_PROJECT_VERSION = 1;
				DEVELOPMENT_TEAM = QC8NW9PFKL;
				GENERATE_INFOPLIST_FILE = YES;
				IPHONEOS_DEPLOYMENT_TARGET = 17.0;
				MARKETING_VERSION = 1.0;
				PRODUCT_BUNDLE_IDENTIFIER = haruto.GitHubProviderTests;
				PRODUCT_NAME = "$(TARGET_NAME)";
				SWIFT_EMIT_LOC_STRINGS = NO;
				SWIFT_VERSION = 5.0;
				TARGETED_DEVICE_FAMILY = "1,2";
				TEST_HOST = "$(BUILT_PRODUCTS_DIR)/GitHubProvider.app/$(BUNDLE_EXECUTABLE_FOLDER_PATH)/GitHubProvider";
			};
			name = Release;
		};
		64C317BB2BBC5667001B272E /* Debug */ = {
			isa = XCBuildConfiguration;
			buildSettings = {
				ALWAYS_EMBED_SWIFT_STANDARD_LIBRARIES = YES;
				CODE_SIGN_STYLE = Automatic;
				CURRENT_PROJECT_VERSION = 1;
				DEVELOPMENT_TEAM = QC8NW9PFKL;
				GENERATE_INFOPLIST_FILE = YES;
				MARKETING_VERSION = 1.0;
				PRODUCT_BUNDLE_IDENTIFIER = haruto.GitHubProviderUITests;
				PRODUCT_NAME = "$(TARGET_NAME)";
				SWIFT_EMIT_LOC_STRINGS = NO;
				SWIFT_VERSION = 5.0;
				TARGETED_DEVICE_FAMILY = "1,2";
				TEST_TARGET_NAME = GitHubProvider;
			};
			name = Debug;
		};
		64C317BC2BBC5667001B272E /* Release */ = {
			isa = XCBuildConfiguration;
			buildSettings = {
				ALWAYS_EMBED_SWIFT_STANDARD_LIBRARIES = YES;
				CODE_SIGN_STYLE = Automatic;
				CURRENT_PROJECT_VERSION = 1;
				DEVELOPMENT_TEAM = QC8NW9PFKL;
				GENERATE_INFOPLIST_FILE = YES;
				MARKETING_VERSION = 1.0;
				PRODUCT_BUNDLE_IDENTIFIER = haruto.GitHubProviderUITests;
				PRODUCT_NAME = "$(TARGET_NAME)";
				SWIFT_EMIT_LOC_STRINGS = NO;
				SWIFT_VERSION = 5.0;
				TARGETED_DEVICE_FAMILY = "1,2";
				TEST_TARGET_NAME = GitHubProvider;
			};
			name = Release;
		};
/* End XCBuildConfiguration section */

/* Begin XCConfigurationList section */
		64C3178B2BBC5666001B272E /* Build configuration list for PBXProject "GitHubProvider" */ = {
			isa = XCConfigurationList;
			buildConfigurations = (
				64C317B22BBC5667001B272E /* Debug */,
				64C317B32BBC5667001B272E /* Release */,
			);
			defaultConfigurationIsVisible = 0;
			defaultConfigurationName = Release;
		};
		64C317B42BBC5667001B272E /* Build configuration list for PBXNativeTarget "GitHubProvider" */ = {
			isa = XCConfigurationList;
			buildConfigurations = (
				64C317B52BBC5667001B272E /* Debug */,
				64C317B62BBC5667001B272E /* Release */,
			);
			defaultConfigurationIsVisible = 0;
			defaultConfigurationName = Release;
		};
		64C317B72BBC5667001B272E /* Build configuration list for PBXNativeTarget "GitHubProviderTests" */ = {
			isa = XCConfigurationList;
			buildConfigurations = (
				64C317B82BBC5667001B272E /* Debug */,
				64C317B92BBC5667001B272E /* Release */,
			);
			defaultConfigurationIsVisible = 0;
			defaultConfigurationName = Release;
		};
		64C317BA2BBC5667001B272E /* Build configuration list for PBXNativeTarget "GitHubProviderUITests" */ = {
			isa = XCConfigurationList;
			buildConfigurations = (
				64C317BB2BBC5667001B272E /* Debug */,
				64C317BC2BBC5667001B272E /* Release */,
			);
			defaultConfigurationIsVisible = 0;
			defaultConfigurationName = Release;
		};
/* End XCConfigurationList section */

/* Begin XCRemoteSwiftPackageReference section */
		64C317BD2BBC56DB001B272E /* XCRemoteSwiftPackageReference "firebase-ios-sdk" */ = {
			isa = XCRemoteSwiftPackageReference;
			repositoryURL = "https://github.com/firebase/firebase-ios-sdk";
			requirement = {
				kind = upToNextMajorVersion;
				minimumVersion = 10.23.1;
			};
		};
/* End XCRemoteSwiftPackageReference section */

/* Begin XCSwiftPackageProductDependency section */
		64C317BE2BBC56DB001B272E /* FirebaseAuth */ = {
			isa = XCSwiftPackageProductDependency;
			package = 64C317BD2BBC56DB001B272E /* XCRemoteSwiftPackageReference "firebase-ios-sdk" */;
			productName = FirebaseAuth;
		};
		64C317C02BBC56DB001B272E /* FirebaseAuthCombine-Community */ = {
			isa = XCSwiftPackageProductDependency;
			package = 64C317BD2BBC56DB001B272E /* XCRemoteSwiftPackageReference "firebase-ios-sdk" */;
			productName = "FirebaseAuthCombine-Community";
		};
		64C317C22BBC56DB001B272E /* FirebaseFirestore */ = {
			isa = XCSwiftPackageProductDependency;
			package = 64C317BD2BBC56DB001B272E /* XCRemoteSwiftPackageReference "firebase-ios-sdk" */;
			productName = FirebaseFirestore;
		};
		64C317C42BBC56DB001B272E /* FirebaseFirestoreCombine-Community */ = {
			isa = XCSwiftPackageProductDependency;
			package = 64C317BD2BBC56DB001B272E /* XCRemoteSwiftPackageReference "firebase-ios-sdk" */;
			productName = "FirebaseFirestoreCombine-Community";
		};
		64C317C62BBC56DB001B272E /* FirebaseFirestoreSwift */ = {
			isa = XCSwiftPackageProductDependency;
			package = 64C317BD2BBC56DB001B272E /* XCRemoteSwiftPackageReference "firebase-ios-sdk" */;
			productName = FirebaseFirestoreSwift;
		};
/* End XCSwiftPackageProductDependency section */
	};
	rootObject = 64C317882BBC5666001B272E /* Project object */;
}
